// !$*UTF8*$!
{
	archiveVersion = 1;
	classes = {
	};
	objectVersion = 50;
	objects = {

/* Begin PBXBuildFile section */
		0A06AD3124727CCE00E221AB /* Rogalin2.jpg in Resources */ = {isa = PBXBuildFile; fileRef = 0A06AD3024727CCD00E221AB /* Rogalin2.jpg */; };
		0A06AD3324727EFA00E221AB /* Szpital1.jpg in Resources */ = {isa = PBXBuildFile; fileRef = 0A06AD3224727EFA00E221AB /* Szpital1.jpg */; };
		0A06AD35247280A300E221AB /* Szpital2.jpg in Resources */ = {isa = PBXBuildFile; fileRef = 0A06AD34247280A300E221AB /* Szpital2.jpg */; };
		0A06AD37247280AF00E221AB /* Szpital3.jpg in Resources */ = {isa = PBXBuildFile; fileRef = 0A06AD36247280AE00E221AB /* Szpital3.jpg */; };
		0A06AD392472833900E221AB /* Willa1.jpg in Resources */ = {isa = PBXBuildFile; fileRef = 0A06AD382472833900E221AB /* Willa1.jpg */; };
		0A06AD3B2472853100E221AB /* Kiekrz1.jpg in Resources */ = {isa = PBXBuildFile; fileRef = 0A06AD3A2472853100E221AB /* Kiekrz1.jpg */; };
		0A06AD3D2472875800E221AB /* Rogalin3.jpg in Resources */ = {isa = PBXBuildFile; fileRef = 0A06AD3C2472875800E221AB /* Rogalin3.jpg */; };
		0A06AD3F2472894200E221AB /* Konin1.jpg in Resources */ = {isa = PBXBuildFile; fileRef = 0A06AD3E2472894200E221AB /* Konin1.jpg */; };
		0A06AD4124728B6000E221AB /* Rusalka1.jpg in Resources */ = {isa = PBXBuildFile; fileRef = 0A06AD4024728B6000E221AB /* Rusalka1.jpg */; };
		0A06AD4324728E3D00E221AB /* Belcz1.jpg in Resources */ = {isa = PBXBuildFile; fileRef = 0A06AD4224728E3D00E221AB /* Belcz1.jpg */; };
		0A06AD4524728FA100E221AB /* Belcz2.jpg in Resources */ = {isa = PBXBuildFile; fileRef = 0A06AD4424728FA100E221AB /* Belcz2.jpg */; };
		0A06AD47247295FD00E221AB /* Gory1.jpg in Resources */ = {isa = PBXBuildFile; fileRef = 0A06AD46247295FD00E221AB /* Gory1.jpg */; };
		0A06AD4924729BC300E221AB /* Kamienczyk1.jpg in Resources */ = {isa = PBXBuildFile; fileRef = 0A06AD4824729BC300E221AB /* Kamienczyk1.jpg */; };
		0A06AD4B24729E6F00E221AB /* KPN1.jpg in Resources */ = {isa = PBXBuildFile; fileRef = 0A06AD4A24729E6F00E221AB /* KPN1.jpg */; };
		0A06AD4D2472A0D200E221AB /* Samotnia1.jpg in Resources */ = {isa = PBXBuildFile; fileRef = 0A06AD4C2472A0D200E221AB /* Samotnia1.jpg */; };
		0A06AD4F2472A78600E221AB /* Dziki1.jpg in Resources */ = {isa = PBXBuildFile; fileRef = 0A06AD4E2472A78600E221AB /* Dziki1.jpg */; };
		0A06AD512472EDDA00E221AB /* Szklarki1.jpg in Resources */ = {isa = PBXBuildFile; fileRef = 0A06AD502472EDDA00E221AB /* Szklarki1.jpg */; };
		0A06AD532472EE6400E221AB /* Jelenia1.jpg in Resources */ = {isa = PBXBuildFile; fileRef = 0A06AD522472EE6400E221AB /* Jelenia1.jpg */; };
		0A06AD552472F09000E221AB /* Tunel1.jpg in Resources */ = {isa = PBXBuildFile; fileRef = 0A06AD542472F09000E221AB /* Tunel1.jpg */; };
		0A06AD572472F2DF00E221AB /* HotelKarpacz1.jpg in Resources */ = {isa = PBXBuildFile; fileRef = 0A06AD562472F2DF00E221AB /* HotelKarpacz1.jpg */; };
		0A06AD592472F36600E221AB /* HotelKarpacz2.jpg in Resources */ = {isa = PBXBuildFile; fileRef = 0A06AD582472F36600E221AB /* HotelKarpacz2.jpg */; };
		0A06AD5B2472F3CE00E221AB /* Mokrzeszow1.jpg in Resources */ = {isa = PBXBuildFile; fileRef = 0A06AD5A2472F3CE00E221AB /* Mokrzeszow1.jpg */; };
		0A06AD5D2472F43100E221AB /* Mokrzeszow2.jpg in Resources */ = {isa = PBXBuildFile; fileRef = 0A06AD5C2472F43100E221AB /* Mokrzeszow2.jpg */; };
		0A06AD5F2472F58200E221AB /* Poznan1.jpg in Resources */ = {isa = PBXBuildFile; fileRef = 0A06AD5E2472F58200E221AB /* Poznan1.jpg */; };
		0A06AD612472F65A00E221AB /* Swinoujscie1.jpg in Resources */ = {isa = PBXBuildFile; fileRef = 0A06AD602472F65A00E221AB /* Swinoujscie1.jpg */; };
		0A06AD632472F75600E221AB /* Swinoujscie2.jpg in Resources */ = {isa = PBXBuildFile; fileRef = 0A06AD622472F75600E221AB /* Swinoujscie2.jpg */; };
		0A06AD652472F8AC00E221AB /* Szachty1.jpg in Resources */ = {isa = PBXBuildFile; fileRef = 0A06AD642472F8AC00E221AB /* Szachty1.jpg */; };
		0A06AD672472F94200E221AB /* PuszczaPyzdrska1.jpg in Resources */ = {isa = PBXBuildFile; fileRef = 0A06AD662472F94200E221AB /* PuszczaPyzdrska1.jpg */; };
		0A06AD692472FCCC00E221AB /* PuszczaPyzdrska2.jpg in Resources */ = {isa = PBXBuildFile; fileRef = 0A06AD682472FCCC00E221AB /* PuszczaPyzdrska2.jpg */; };
		0A06AD6B2472FD4500E221AB /* MostStobnica1.jpg in Resources */ = {isa = PBXBuildFile; fileRef = 0A06AD6A2472FD4500E221AB /* MostStobnica1.jpg */; };
		0A0B4BD2246C77110037A714 /* MapView.swift in Sources */ = {isa = PBXBuildFile; fileRef = 0A0B4BD1246C77110037A714 /* MapView.swift */; };
		0A0B4BD5246C7B910037A714 /* BeautifulPlace.swift in Sources */ = {isa = PBXBuildFile; fileRef = 0A0B4BD4246C7B910037A714 /* BeautifulPlace.swift */; };
		0A2AA134246D006000D8F181 /* Data.swift in Sources */ = {isa = PBXBuildFile; fileRef = 0A2AA133246D006000D8F181 /* Data.swift */; };
		0A3D6185246D025000340B12 /* BeautifulPlaceData.json in Resources */ = {isa = PBXBuildFile; fileRef = 0A3D6180246D025000340B12 /* BeautifulPlaceData.json */; };
		0A3D6186246D025000340B12 /* Golina1.jpg in Resources */ = {isa = PBXBuildFile; fileRef = 0A3D6181246D025000340B12 /* Golina1.jpg */; };
		0A3D6188246D025000340B12 /* Warszawa1.jpg in Resources */ = {isa = PBXBuildFile; fileRef = 0A3D6183246D025000340B12 /* Warszawa1.jpg */; };
		0A3D6189246D025000340B12 /* ZNTK1.jpg in Resources */ = {isa = PBXBuildFile; fileRef = 0A3D6184246D025000340B12 /* ZNTK1.jpg */; };
		0A3D618B246D04E800340B12 /* BeautifulPlaceRow.swift in Sources */ = {isa = PBXBuildFile; fileRef = 0A3D618A246D04E800340B12 /* BeautifulPlaceRow.swift */; };
		0A3D618D246D079700340B12 /* BeautifulPlaceList.swift in Sources */ = {isa = PBXBuildFile; fileRef = 0A3D618C246D079700340B12 /* BeautifulPlaceList.swift */; };
		0A56B9CA246D45820053DDF1 /* Home.swift in Sources */ = {isa = PBXBuildFile; fileRef = 0A56B9C9246D45820053DDF1 /* Home.swift */; };
		0A56B9CC246D49EB0053DDF1 /* CategoryRow.swift in Sources */ = {isa = PBXBuildFile; fileRef = 0A56B9CB246D49EB0053DDF1 /* CategoryRow.swift */; };
		0A6C08F7246D5E9F0021E140 /* UserData.swift in Sources */ = {isa = PBXBuildFile; fileRef = 0A6C08F6246D5E9F0021E140 /* UserData.swift */; };
		0A83AF1A246C1402003E71B4 /* CircleImage.swift in Sources */ = {isa = PBXBuildFile; fileRef = 0A83AF19246C1402003E71B4 /* CircleImage.swift */; };
		0AD31F14242756A900ECDCE1 /* AppDelegate.swift in Sources */ = {isa = PBXBuildFile; fileRef = 0AD31F13242756A900ECDCE1 /* AppDelegate.swift */; };
		0AD31F16242756A900ECDCE1 /* SceneDelegate.swift in Sources */ = {isa = PBXBuildFile; fileRef = 0AD31F15242756A900ECDCE1 /* SceneDelegate.swift */; };
		0AD31F18242756A900ECDCE1 /* ContentView.swift in Sources */ = {isa = PBXBuildFile; fileRef = 0AD31F17242756A900ECDCE1 /* ContentView.swift */; };
		0AD31F1A242756AA00ECDCE1 /* Assets.xcassets in Resources */ = {isa = PBXBuildFile; fileRef = 0AD31F19242756AA00ECDCE1 /* Assets.xcassets */; };
		0AD31F1D242756AA00ECDCE1 /* Preview Assets.xcassets in Resources */ = {isa = PBXBuildFile; fileRef = 0AD31F1C242756AA00ECDCE1 /* Preview Assets.xcassets */; };
		0AD31F20242756AA00ECDCE1 /* LaunchScreen.storyboard in Resources */ = {isa = PBXBuildFile; fileRef = 0AD31F1E242756AA00ECDCE1 /* LaunchScreen.storyboard */; };
		0AD31F2B242756AA00ECDCE1 /* Beautiful_PlacesTests.swift in Sources */ = {isa = PBXBuildFile; fileRef = 0AD31F2A242756AA00ECDCE1 /* Beautiful_PlacesTests.swift */; };
		0AD31F36242756AA00ECDCE1 /* Beautiful_PlacesUITests.swift in Sources */ = {isa = PBXBuildFile; fileRef = 0AD31F35242756AA00ECDCE1 /* Beautiful_PlacesUITests.swift */; };
		0AEEEB30246D130D00A01C01 /* Rogalin1.jpg in Resources */ = {isa = PBXBuildFile; fileRef = 0AEEEB2F246D130C00A01C01 /* Rogalin1.jpg */; };
/* End PBXBuildFile section */

/* Begin PBXContainerItemProxy section */
		0AD31F27242756AA00ECDCE1 /* PBXContainerItemProxy */ = {
			isa = PBXContainerItemProxy;
			containerPortal = 0AD31F08242756A900ECDCE1 /* Project object */;
			proxyType = 1;
			remoteGlobalIDString = 0AD31F0F242756A900ECDCE1;
			remoteInfo = "Beautiful Places";
		};
		0AD31F32242756AA00ECDCE1 /* PBXContainerItemProxy */ = {
			isa = PBXContainerItemProxy;
			containerPortal = 0AD31F08242756A900ECDCE1 /* Project object */;
			proxyType = 1;
			remoteGlobalIDString = 0AD31F0F242756A900ECDCE1;
			remoteInfo = "Beautiful Places";
		};
/* End PBXContainerItemProxy section */

/* Begin PBXFileReference section */
		0A06AD3024727CCD00E221AB /* Rogalin2.jpg */ = {isa = PBXFileReference; lastKnownFileType = image.jpeg; path = Rogalin2.jpg; sourceTree = "<group>"; };
		0A06AD3224727EFA00E221AB /* Szpital1.jpg */ = {isa = PBXFileReference; lastKnownFileType = image.jpeg; path = Szpital1.jpg; sourceTree = "<group>"; };
		0A06AD34247280A300E221AB /* Szpital2.jpg */ = {isa = PBXFileReference; lastKnownFileType = image.jpeg; path = Szpital2.jpg; sourceTree = "<group>"; };
		0A06AD36247280AE00E221AB /* Szpital3.jpg */ = {isa = PBXFileReference; lastKnownFileType = image.jpeg; path = Szpital3.jpg; sourceTree = "<group>"; };
		0A06AD382472833900E221AB /* Willa1.jpg */ = {isa = PBXFileReference; lastKnownFileType = image.jpeg; path = Willa1.jpg; sourceTree = "<group>"; };
		0A06AD3A2472853100E221AB /* Kiekrz1.jpg */ = {isa = PBXFileReference; lastKnownFileType = image.jpeg; path = Kiekrz1.jpg; sourceTree = "<group>"; };
		0A06AD3C2472875800E221AB /* Rogalin3.jpg */ = {isa = PBXFileReference; lastKnownFileType = image.jpeg; path = Rogalin3.jpg; sourceTree = "<group>"; };
		0A06AD3E2472894200E221AB /* Konin1.jpg */ = {isa = PBXFileReference; lastKnownFileType = image.jpeg; path = Konin1.jpg; sourceTree = "<group>"; };
		0A06AD4024728B6000E221AB /* Rusalka1.jpg */ = {isa = PBXFileReference; lastKnownFileType = image.jpeg; path = Rusalka1.jpg; sourceTree = "<group>"; };
		0A06AD4224728E3D00E221AB /* Belcz1.jpg */ = {isa = PBXFileReference; lastKnownFileType = image.jpeg; path = Belcz1.jpg; sourceTree = "<group>"; };
		0A06AD4424728FA100E221AB /* Belcz2.jpg */ = {isa = PBXFileReference; lastKnownFileType = image.jpeg; path = Belcz2.jpg; sourceTree = "<group>"; };
		0A06AD46247295FD00E221AB /* Gory1.jpg */ = {isa = PBXFileReference; lastKnownFileType = image.jpeg; path = Gory1.jpg; sourceTree = "<group>"; };
		0A06AD4824729BC300E221AB /* Kamienczyk1.jpg */ = {isa = PBXFileReference; lastKnownFileType = image.jpeg; path = Kamienczyk1.jpg; sourceTree = "<group>"; };
		0A06AD4A24729E6F00E221AB /* KPN1.jpg */ = {isa = PBXFileReference; lastKnownFileType = image.jpeg; path = KPN1.jpg; sourceTree = "<group>"; };
		0A06AD4C2472A0D200E221AB /* Samotnia1.jpg */ = {isa = PBXFileReference; lastKnownFileType = image.jpeg; path = Samotnia1.jpg; sourceTree = "<group>"; };
		0A06AD4E2472A78600E221AB /* Dziki1.jpg */ = {isa = PBXFileReference; lastKnownFileType = image.jpeg; path = Dziki1.jpg; sourceTree = "<group>"; };
		0A06AD502472EDDA00E221AB /* Szklarki1.jpg */ = {isa = PBXFileReference; lastKnownFileType = image.jpeg; path = Szklarki1.jpg; sourceTree = "<group>"; };
		0A06AD522472EE6400E221AB /* Jelenia1.jpg */ = {isa = PBXFileReference; lastKnownFileType = image.jpeg; path = Jelenia1.jpg; sourceTree = "<group>"; };
		0A06AD542472F09000E221AB /* Tunel1.jpg */ = {isa = PBXFileReference; lastKnownFileType = image.jpeg; path = Tunel1.jpg; sourceTree = "<group>"; };
		0A06AD562472F2DF00E221AB /* HotelKarpacz1.jpg */ = {isa = PBXFileReference; lastKnownFileType = image.jpeg; path = HotelKarpacz1.jpg; sourceTree = "<group>"; };
		0A06AD582472F36600E221AB /* HotelKarpacz2.jpg */ = {isa = PBXFileReference; lastKnownFileType = image.jpeg; path = HotelKarpacz2.jpg; sourceTree = "<group>"; };
		0A06AD5A2472F3CE00E221AB /* Mokrzeszow1.jpg */ = {isa = PBXFileReference; lastKnownFileType = image.jpeg; path = Mokrzeszow1.jpg; sourceTree = "<group>"; };
		0A06AD5C2472F43100E221AB /* Mokrzeszow2.jpg */ = {isa = PBXFileReference; lastKnownFileType = image.jpeg; path = Mokrzeszow2.jpg; sourceTree = "<group>"; };
		0A06AD5E2472F58200E221AB /* Poznan1.jpg */ = {isa = PBXFileReference; lastKnownFileType = image.jpeg; path = Poznan1.jpg; sourceTree = "<group>"; };
		0A06AD602472F65A00E221AB /* Swinoujscie1.jpg */ = {isa = PBXFileReference; lastKnownFileType = image.jpeg; path = Swinoujscie1.jpg; sourceTree = "<group>"; };
		0A06AD622472F75600E221AB /* Swinoujscie2.jpg */ = {isa = PBXFileReference; lastKnownFileType = image.jpeg; path = Swinoujscie2.jpg; sourceTree = "<group>"; };
		0A06AD642472F8AC00E221AB /* Szachty1.jpg */ = {isa = PBXFileReference; lastKnownFileType = image.jpeg; path = Szachty1.jpg; sourceTree = "<group>"; };
		0A06AD662472F94200E221AB /* PuszczaPyzdrska1.jpg */ = {isa = PBXFileReference; lastKnownFileType = image.jpeg; path = PuszczaPyzdrska1.jpg; sourceTree = "<group>"; };
		0A06AD682472FCCC00E221AB /* PuszczaPyzdrska2.jpg */ = {isa = PBXFileReference; lastKnownFileType = image.jpeg; path = PuszczaPyzdrska2.jpg; sourceTree = "<group>"; };
		0A06AD6A2472FD4500E221AB /* MostStobnica1.jpg */ = {isa = PBXFileReference; lastKnownFileType = image.jpeg; path = MostStobnica1.jpg; sourceTree = "<group>"; };
		0A0B4BD1246C77110037A714 /* MapView.swift */ = {isa = PBXFileReference; lastKnownFileType = sourcecode.swift; path = MapView.swift; sourceTree = "<group>"; };
		0A0B4BD4246C7B910037A714 /* BeautifulPlace.swift */ = {isa = PBXFileReference; lastKnownFileType = sourcecode.swift; path = BeautifulPlace.swift; sourceTree = "<group>"; };
		0A2AA133246D006000D8F181 /* Data.swift */ = {isa = PBXFileReference; lastKnownFileType = sourcecode.swift; path = Data.swift; sourceTree = "<group>"; };
		0A3D6180246D025000340B12 /* BeautifulPlaceData.json */ = {isa = PBXFileReference; fileEncoding = 4; lastKnownFileType = text.json; name = BeautifulPlaceData.json; path = "Beautiful Places/Resources/BeautifulPlaceData.json"; sourceTree = "<group>"; };
		0A3D6181246D025000340B12 /* Golina1.jpg */ = {isa = PBXFileReference; lastKnownFileType = image.jpeg; name = Golina1.jpg; path = "Beautiful Places/Resources/Golina1.jpg"; sourceTree = "<group>"; };
		0A3D6183246D025000340B12 /* Warszawa1.jpg */ = {isa = PBXFileReference; lastKnownFileType = image.jpeg; name = Warszawa1.jpg; path = "Beautiful Places/Resources/Warszawa1.jpg"; sourceTree = "<group>"; };
		0A3D6184246D025000340B12 /* ZNTK1.jpg */ = {isa = PBXFileReference; lastKnownFileType = image.jpeg; name = ZNTK1.jpg; path = "Beautiful Places/Resources/ZNTK1.jpg"; sourceTree = "<group>"; };
		0A3D618A246D04E800340B12 /* BeautifulPlaceRow.swift */ = {isa = PBXFileReference; lastKnownFileType = sourcecode.swift; path = BeautifulPlaceRow.swift; sourceTree = "<group>"; };
		0A3D618C246D079700340B12 /* BeautifulPlaceList.swift */ = {isa = PBXFileReference; lastKnownFileType = sourcecode.swift; path = BeautifulPlaceList.swift; sourceTree = "<group>"; };
		0A56B9C9246D45820053DDF1 /* Home.swift */ = {isa = PBXFileReference; lastKnownFileType = sourcecode.swift; path = Home.swift; sourceTree = "<group>"; };
		0A56B9CB246D49EB0053DDF1 /* CategoryRow.swift */ = {isa = PBXFileReference; lastKnownFileType = sourcecode.swift; path = CategoryRow.swift; sourceTree = "<group>"; };
		0A6C08F6246D5E9F0021E140 /* UserData.swift */ = {isa = PBXFileReference; lastKnownFileType = sourcecode.swift; path = UserData.swift; sourceTree = "<group>"; };
		0A83AF19246C1402003E71B4 /* CircleImage.swift */ = {isa = PBXFileReference; lastKnownFileType = sourcecode.swift; path = CircleImage.swift; sourceTree = "<group>"; };
		0AD31F10242756A900ECDCE1 /* Beautiful Places.app */ = {isa = PBXFileReference; explicitFileType = wrapper.application; includeInIndex = 0; path = "Beautiful Places.app"; sourceTree = BUILT_PRODUCTS_DIR; };
		0AD31F13242756A900ECDCE1 /* AppDelegate.swift */ = {isa = PBXFileReference; lastKnownFileType = sourcecode.swift; path = AppDelegate.swift; sourceTree = "<group>"; };
		0AD31F15242756A900ECDCE1 /* SceneDelegate.swift */ = {isa = PBXFileReference; lastKnownFileType = sourcecode.swift; path = SceneDelegate.swift; sourceTree = "<group>"; };
		0AD31F17242756A900ECDCE1 /* ContentView.swift */ = {isa = PBXFileReference; lastKnownFileType = sourcecode.swift; path = ContentView.swift; sourceTree = "<group>"; };
		0AD31F19242756AA00ECDCE1 /* Assets.xcassets */ = {isa = PBXFileReference; lastKnownFileType = folder.assetcatalog; path = Assets.xcassets; sourceTree = "<group>"; };
		0AD31F1C242756AA00ECDCE1 /* Preview Assets.xcassets */ = {isa = PBXFileReference; lastKnownFileType = folder.assetcatalog; path = "Preview Assets.xcassets"; sourceTree = "<group>"; };
		0AD31F1F242756AA00ECDCE1 /* Base */ = {isa = PBXFileReference; lastKnownFileType = file.storyboard; name = Base; path = Base.lproj/LaunchScreen.storyboard; sourceTree = "<group>"; };
		0AD31F21242756AA00ECDCE1 /* Info.plist */ = {isa = PBXFileReference; lastKnownFileType = text.plist.xml; path = Info.plist; sourceTree = "<group>"; };
		0AD31F26242756AA00ECDCE1 /* Beautiful PlacesTests.xctest */ = {isa = PBXFileReference; explicitFileType = wrapper.cfbundle; includeInIndex = 0; path = "Beautiful PlacesTests.xctest"; sourceTree = BUILT_PRODUCTS_DIR; };
		0AD31F2A242756AA00ECDCE1 /* Beautiful_PlacesTests.swift */ = {isa = PBXFileReference; lastKnownFileType = sourcecode.swift; path = Beautiful_PlacesTests.swift; sourceTree = "<group>"; };
		0AD31F2C242756AA00ECDCE1 /* Info.plist */ = {isa = PBXFileReference; lastKnownFileType = text.plist.xml; path = Info.plist; sourceTree = "<group>"; };
		0AD31F31242756AA00ECDCE1 /* Beautiful PlacesUITests.xctest */ = {isa = PBXFileReference; explicitFileType = wrapper.cfbundle; includeInIndex = 0; path = "Beautiful PlacesUITests.xctest"; sourceTree = BUILT_PRODUCTS_DIR; };
		0AD31F35242756AA00ECDCE1 /* Beautiful_PlacesUITests.swift */ = {isa = PBXFileReference; lastKnownFileType = sourcecode.swift; path = Beautiful_PlacesUITests.swift; sourceTree = "<group>"; };
		0AD31F37242756AA00ECDCE1 /* Info.plist */ = {isa = PBXFileReference; lastKnownFileType = text.plist.xml; path = Info.plist; sourceTree = "<group>"; };
		0AEEEB2F246D130C00A01C01 /* Rogalin1.jpg */ = {isa = PBXFileReference; lastKnownFileType = image.jpeg; path = Rogalin1.jpg; sourceTree = "<group>"; };
/* End PBXFileReference section */

/* Begin PBXFrameworksBuildPhase section */
		0AD31F0D242756A900ECDCE1 /* Frameworks */ = {
			isa = PBXFrameworksBuildPhase;
			buildActionMask = 2147483647;
			files = (
			);
			runOnlyForDeploymentPostprocessing = 0;
		};
		0AD31F23242756AA00ECDCE1 /* Frameworks */ = {
			isa = PBXFrameworksBuildPhase;
			buildActionMask = 2147483647;
			files = (
			);
			runOnlyForDeploymentPostprocessing = 0;
		};
		0AD31F2E242756AA00ECDCE1 /* Frameworks */ = {
			isa = PBXFrameworksBuildPhase;
			buildActionMask = 2147483647;
			files = (
			);
			runOnlyForDeploymentPostprocessing = 0;
		};
/* End PBXFrameworksBuildPhase section */

/* Begin PBXGroup section */
		0A0B4BD0246C76DE0037A714 /* View */ = {
			isa = PBXGroup;
			children = (
				0A3D618C246D079700340B12 /* BeautifulPlaceList.swift */,
				0A56B9CB246D49EB0053DDF1 /* CategoryRow.swift */,
				0A56B9C9246D45820053DDF1 /* Home.swift */,
				0A3D618A246D04E800340B12 /* BeautifulPlaceRow.swift */,
				0A83AF19246C1402003E71B4 /* CircleImage.swift */,
				0A0B4BD1246C77110037A714 /* MapView.swift */,
			);
			name = View;
			sourceTree = "<group>";
		};
		0A0B4BD3246C7B5A0037A714 /* Model */ = {
			isa = PBXGroup;
			children = (
				0A0B4BD4246C7B910037A714 /* BeautifulPlace.swift */,
				0A6C08F6246D5E9F0021E140 /* UserData.swift */,
				0A2AA133246D006000D8F181 /* Data.swift */,
			);
			name = Model;
			sourceTree = "<group>";
		};
		0A2AA132246CFCED00D8F181 /* Resources */ = {
			isa = PBXGroup;
			children = (
				0AEEEB2F246D130C00A01C01 /* Rogalin1.jpg */,
				0A3D6180246D025000340B12 /* BeautifulPlaceData.json */,
				0A06AD3E2472894200E221AB /* Konin1.jpg */,
				0A3D6181246D025000340B12 /* Golina1.jpg */,
				0A06AD382472833900E221AB /* Willa1.jpg */,
				0A06AD4224728E3D00E221AB /* Belcz1.jpg */,
				0A06AD4824729BC300E221AB /* Kamienczyk1.jpg */,
				0A06AD562472F2DF00E221AB /* HotelKarpacz1.jpg */,
				0A06AD4424728FA100E221AB /* Belcz2.jpg */,
				0A06AD4C2472A0D200E221AB /* Samotnia1.jpg */,
				0A06AD522472EE6400E221AB /* Jelenia1.jpg */,
				0A06AD602472F65A00E221AB /* Swinoujscie1.jpg */,
				0A06AD662472F94200E221AB /* PuszczaPyzdrska1.jpg */,
				0A06AD6A2472FD4500E221AB /* MostStobnica1.jpg */,
				0A06AD682472FCCC00E221AB /* PuszczaPyzdrska2.jpg */,
				0A06AD5C2472F43100E221AB /* Mokrzeszow2.jpg */,
				0A06AD622472F75600E221AB /* Swinoujscie2.jpg */,
				0A06AD642472F8AC00E221AB /* Szachty1.jpg */,
				0A06AD502472EDDA00E221AB /* Szklarki1.jpg */,
				0A06AD582472F36600E221AB /* HotelKarpacz2.jpg */,
				0A06AD5A2472F3CE00E221AB /* Mokrzeszow1.jpg */,
				0A06AD542472F09000E221AB /* Tunel1.jpg */,
				0A06AD5E2472F58200E221AB /* Poznan1.jpg */,
				0A06AD4E2472A78600E221AB /* Dziki1.jpg */,
				0A06AD46247295FD00E221AB /* Gory1.jpg */,
				0A06AD4A24729E6F00E221AB /* KPN1.jpg */,
				0A06AD4024728B6000E221AB /* Rusalka1.jpg */,
				0A06AD3224727EFA00E221AB /* Szpital1.jpg */,
				0A3D6183246D025000340B12 /* Warszawa1.jpg */,
				0A06AD3A2472853100E221AB /* Kiekrz1.jpg */,
				0A06AD3C2472875800E221AB /* Rogalin3.jpg */,
				0A06AD34247280A300E221AB /* Szpital2.jpg */,
				0A3D6184246D025000340B12 /* ZNTK1.jpg */,
				0A06AD36247280AE00E221AB /* Szpital3.jpg */,
				0A06AD3024727CCD00E221AB /* Rogalin2.jpg */,
			);
			name = Resources;
			path = ..;
			sourceTree = "<group>";
		};
		0AD31F07242756A900ECDCE1 = {
			isa = PBXGroup;
			children = (
				0AD31F12242756A900ECDCE1 /* Beautiful Places */,
				0AD31F29242756AA00ECDCE1 /* Beautiful PlacesTests */,
				0AD31F34242756AA00ECDCE1 /* Beautiful PlacesUITests */,
				0AD31F11242756A900ECDCE1 /* Products */,
			);
			sourceTree = "<group>";
		};
		0AD31F11242756A900ECDCE1 /* Products */ = {
			isa = PBXGroup;
			children = (
				0AD31F10242756A900ECDCE1 /* Beautiful Places.app */,
				0AD31F26242756AA00ECDCE1 /* Beautiful PlacesTests.xctest */,
				0AD31F31242756AA00ECDCE1 /* Beautiful PlacesUITests.xctest */,
			);
			name = Products;
			sourceTree = "<group>";
		};
		0AD31F12242756A900ECDCE1 /* Beautiful Places */ = {
			isa = PBXGroup;
			children = (
				0AD31F13242756A900ECDCE1 /* AppDelegate.swift */,
				0AD31F15242756A900ECDCE1 /* SceneDelegate.swift */,
				0AD31F17242756A900ECDCE1 /* ContentView.swift */,
				0A0B4BD3246C7B5A0037A714 /* Model */,
				0A0B4BD0246C76DE0037A714 /* View */,
				0AD31F19242756AA00ECDCE1 /* Assets.xcassets */,
				0AD31F1E242756AA00ECDCE1 /* LaunchScreen.storyboard */,
				0AD31F21242756AA00ECDCE1 /* Info.plist */,
				0A2AA132246CFCED00D8F181 /* Resources */,
				0AD31F1B242756AA00ECDCE1 /* Preview Content */,
			);
			path = "Beautiful Places";
			sourceTree = "<group>";
		};
		0AD31F1B242756AA00ECDCE1 /* Preview Content */ = {
			isa = PBXGroup;
			children = (
				0AD31F1C242756AA00ECDCE1 /* Preview Assets.xcassets */,
			);
			path = "Preview Content";
			sourceTree = "<group>";
		};
		0AD31F29242756AA00ECDCE1 /* Beautiful PlacesTests */ = {
			isa = PBXGroup;
			children = (
				0AD31F2A242756AA00ECDCE1 /* Beautiful_PlacesTests.swift */,
				0AD31F2C242756AA00ECDCE1 /* Info.plist */,
			);
			path = "Beautiful PlacesTests";
			sourceTree = "<group>";
		};
		0AD31F34242756AA00ECDCE1 /* Beautiful PlacesUITests */ = {
			isa = PBXGroup;
			children = (
				0AD31F35242756AA00ECDCE1 /* Beautiful_PlacesUITests.swift */,
				0AD31F37242756AA00ECDCE1 /* Info.plist */,
			);
			path = "Beautiful PlacesUITests";
			sourceTree = "<group>";
		};
/* End PBXGroup section */

/* Begin PBXNativeTarget section */
		0AD31F0F242756A900ECDCE1 /* Beautiful Places */ = {
			isa = PBXNativeTarget;
			buildConfigurationList = 0AD31F3A242756AA00ECDCE1 /* Build configuration list for PBXNativeTarget "Beautiful Places" */;
			buildPhases = (
				0AD31F0C242756A900ECDCE1 /* Sources */,
				0AD31F0D242756A900ECDCE1 /* Frameworks */,
				0AD31F0E242756A900ECDCE1 /* Resources */,
			);
			buildRules = (
			);
			dependencies = (
			);
			name = "Beautiful Places";
			productName = "Beautiful Places";
			productReference = 0AD31F10242756A900ECDCE1 /* Beautiful Places.app */;
			productType = "com.apple.product-type.application";
		};
		0AD31F25242756AA00ECDCE1 /* Beautiful PlacesTests */ = {
			isa = PBXNativeTarget;
			buildConfigurationList = 0AD31F3D242756AA00ECDCE1 /* Build configuration list for PBXNativeTarget "Beautiful PlacesTests" */;
			buildPhases = (
				0AD31F22242756AA00ECDCE1 /* Sources */,
				0AD31F23242756AA00ECDCE1 /* Frameworks */,
				0AD31F24242756AA00ECDCE1 /* Resources */,
			);
			buildRules = (
			);
			dependencies = (
				0AD31F28242756AA00ECDCE1 /* PBXTargetDependency */,
			);
			name = "Beautiful PlacesTests";
			productName = "Beautiful PlacesTests";
			productReference = 0AD31F26242756AA00ECDCE1 /* Beautiful PlacesTests.xctest */;
			productType = "com.apple.product-type.bundle.unit-test";
		};
		0AD31F30242756AA00ECDCE1 /* Beautiful PlacesUITests */ = {
			isa = PBXNativeTarget;
			buildConfigurationList = 0AD31F40242756AA00ECDCE1 /* Build configuration list for PBXNativeTarget "Beautiful PlacesUITests" */;
			buildPhases = (
				0AD31F2D242756AA00ECDCE1 /* Sources */,
				0AD31F2E242756AA00ECDCE1 /* Frameworks */,
				0AD31F2F242756AA00ECDCE1 /* Resources */,
			);
			buildRules = (
			);
			dependencies = (
				0AD31F33242756AA00ECDCE1 /* PBXTargetDependency */,
			);
			name = "Beautiful PlacesUITests";
			productName = "Beautiful PlacesUITests";
			productReference = 0AD31F31242756AA00ECDCE1 /* Beautiful PlacesUITests.xctest */;
			productType = "com.apple.product-type.bundle.ui-testing";
		};
/* End PBXNativeTarget section */

/* Begin PBXProject section */
		0AD31F08242756A900ECDCE1 /* Project object */ = {
			isa = PBXProject;
			attributes = {
				LastSwiftUpdateCheck = 1130;
				LastUpgradeCheck = 1130;
				ORGANIZATIONNAME = "Radek Kilijanek";
				TargetAttributes = {
					0AD31F0F242756A900ECDCE1 = {
						CreatedOnToolsVersion = 11.3.1;
					};
					0AD31F25242756AA00ECDCE1 = {
						CreatedOnToolsVersion = 11.3.1;
						TestTargetID = 0AD31F0F242756A900ECDCE1;
					};
					0AD31F30242756AA00ECDCE1 = {
						CreatedOnToolsVersion = 11.3.1;
						TestTargetID = 0AD31F0F242756A900ECDCE1;
					};
				};
			};
			buildConfigurationList = 0AD31F0B242756A900ECDCE1 /* Build configuration list for PBXProject "Beautiful Places" */;
			compatibilityVersion = "Xcode 9.3";
			developmentRegion = en;
			hasScannedForEncodings = 0;
			knownRegions = (
				en,
				Base,
			);
			mainGroup = 0AD31F07242756A900ECDCE1;
			productRefGroup = 0AD31F11242756A900ECDCE1 /* Products */;
			projectDirPath = "";
			projectRoot = "";
			targets = (
				0AD31F0F242756A900ECDCE1 /* Beautiful Places */,
				0AD31F25242756AA00ECDCE1 /* Beautiful PlacesTests */,
				0AD31F30242756AA00ECDCE1 /* Beautiful PlacesUITests */,
			);
		};
/* End PBXProject section */

/* Begin PBXResourcesBuildPhase section */
		0AD31F0E242756A900ECDCE1 /* Resources */ = {
			isa = PBXResourcesBuildPhase;
			buildActionMask = 2147483647;
			files = (
				0A06AD5B2472F3CE00E221AB /* Mokrzeszow1.jpg in Resources */,
				0A06AD5F2472F58200E221AB /* Poznan1.jpg in Resources */,
				0A06AD632472F75600E221AB /* Swinoujscie2.jpg in Resources */,
				0A06AD3D2472875800E221AB /* Rogalin3.jpg in Resources */,
				0A06AD592472F36600E221AB /* HotelKarpacz2.jpg in Resources */,
				0A06AD6B2472FD4500E221AB /* MostStobnica1.jpg in Resources */,
				0AEEEB30246D130D00A01C01 /* Rogalin1.jpg in Resources */,
				0A06AD4524728FA100E221AB /* Belcz2.jpg in Resources */,
				0AD31F20242756AA00ECDCE1 /* LaunchScreen.storyboard in Resources */,
				0A06AD652472F8AC00E221AB /* Szachty1.jpg in Resources */,
				0A3D6189246D025000340B12 /* ZNTK1.jpg in Resources */,
				0A06AD5D2472F43100E221AB /* Mokrzeszow2.jpg in Resources */,
				0A06AD3324727EFA00E221AB /* Szpital1.jpg in Resources */,
				0A06AD47247295FD00E221AB /* Gory1.jpg in Resources */,
				0A06AD4D2472A0D200E221AB /* Samotnia1.jpg in Resources */,
				0A06AD392472833900E221AB /* Willa1.jpg in Resources */,
				0A06AD4124728B6000E221AB /* Rusalka1.jpg in Resources */,
				0A06AD672472F94200E221AB /* PuszczaPyzdrska1.jpg in Resources */,
				0A06AD692472FCCC00E221AB /* PuszczaPyzdrska2.jpg in Resources */,
				0A06AD3124727CCE00E221AB /* Rogalin2.jpg in Resources */,
				0A06AD37247280AF00E221AB /* Szpital3.jpg in Resources */,
				0A3D6185246D025000340B12 /* BeautifulPlaceData.json in Resources */,
				0A06AD612472F65A00E221AB /* Swinoujscie1.jpg in Resources */,
				0A06AD3F2472894200E221AB /* Konin1.jpg in Resources */,
				0AD31F1D242756AA00ECDCE1 /* Preview Assets.xcassets in Resources */,
				0A06AD3B2472853100E221AB /* Kiekrz1.jpg in Resources */,
				0A3D6188246D025000340B12 /* Warszawa1.jpg in Resources */,
				0A06AD4324728E3D00E221AB /* Belcz1.jpg in Resources */,
				0A06AD552472F09000E221AB /* Tunel1.jpg in Resources */,
				0A06AD4924729BC300E221AB /* Kamienczyk1.jpg in Resources */,
				0AD31F1A242756AA00ECDCE1 /* Assets.xcassets in Resources */,
				0A3D6186246D025000340B12 /* Golina1.jpg in Resources */,
				0A06AD4F2472A78600E221AB /* Dziki1.jpg in Resources */,
				0A06AD512472EDDA00E221AB /* Szklarki1.jpg in Resources */,
				0A06AD35247280A300E221AB /* Szpital2.jpg in Resources */,
				0A06AD572472F2DF00E221AB /* HotelKarpacz1.jpg in Resources */,
				0A06AD532472EE6400E221AB /* Jelenia1.jpg in Resources */,
				0A06AD4B24729E6F00E221AB /* KPN1.jpg in Resources */,
			);
			runOnlyForDeploymentPostprocessing = 0;
		};
		0AD31F24242756AA00ECDCE1 /* Resources */ = {
			isa = PBXResourcesBuildPhase;
			buildActionMask = 2147483647;
			files = (
			);
			runOnlyForDeploymentPostprocessing = 0;
		};
		0AD31F2F242756AA00ECDCE1 /* Resources */ = {
			isa = PBXResourcesBuildPhase;
			buildActionMask = 2147483647;
			files = (
			);
			runOnlyForDeploymentPostprocessing = 0;
		};
/* End PBXResourcesBuildPhase section */

/* Begin PBXSourcesBuildPhase section */
		0AD31F0C242756A900ECDCE1 /* Sources */ = {
			isa = PBXSourcesBuildPhase;
			buildActionMask = 2147483647;
			files = (
				0A56B9CC246D49EB0053DDF1 /* CategoryRow.swift in Sources */,
				0A3D618D246D079700340B12 /* BeautifulPlaceList.swift in Sources */,
				0A3D618B246D04E800340B12 /* BeautifulPlaceRow.swift in Sources */,
				0A56B9CA246D45820053DDF1 /* Home.swift in Sources */,
				0A2AA134246D006000D8F181 /* Data.swift in Sources */,
				0AD31F14242756A900ECDCE1 /* AppDelegate.swift in Sources */,
				0A6C08F7246D5E9F0021E140 /* UserData.swift in Sources */,
				0A83AF1A246C1402003E71B4 /* CircleImage.swift in Sources */,
				0A0B4BD2246C77110037A714 /* MapView.swift in Sources */,
				0AD31F16242756A900ECDCE1 /* SceneDelegate.swift in Sources */,
				0AD31F18242756A900ECDCE1 /* ContentView.swift in Sources */,
				0A0B4BD5246C7B910037A714 /* BeautifulPlace.swift in Sources */,
			);
			runOnlyForDeploymentPostprocessing = 0;
		};
		0AD31F22242756AA00ECDCE1 /* Sources */ = {
			isa = PBXSourcesBuildPhase;
			buildActionMask = 2147483647;
			files = (
				0AD31F2B242756AA00ECDCE1 /* Beautiful_PlacesTests.swift in Sources */,
			);
			runOnlyForDeploymentPostprocessing = 0;
		};
		0AD31F2D242756AA00ECDCE1 /* Sources */ = {
			isa = PBXSourcesBuildPhase;
			buildActionMask = 2147483647;
			files = (
				0AD31F36242756AA00ECDCE1 /* Beautiful_PlacesUITests.swift in Sources */,
			);
			runOnlyForDeploymentPostprocessing = 0;
		};
/* End PBXSourcesBuildPhase section */

/* Begin PBXTargetDependency section */
		0AD31F28242756AA00ECDCE1 /* PBXTargetDependency */ = {
			isa = PBXTargetDependency;
			target = 0AD31F0F242756A900ECDCE1 /* Beautiful Places */;
			targetProxy = 0AD31F27242756AA00ECDCE1 /* PBXContainerItemProxy */;
		};
		0AD31F33242756AA00ECDCE1 /* PBXTargetDependency */ = {
			isa = PBXTargetDependency;
			target = 0AD31F0F242756A900ECDCE1 /* Beautiful Places */;
			targetProxy = 0AD31F32242756AA00ECDCE1 /* PBXContainerItemProxy */;
		};
/* End PBXTargetDependency section */

/* Begin PBXVariantGroup section */
		0AD31F1E242756AA00ECDCE1 /* LaunchScreen.storyboard */ = {
			isa = PBXVariantGroup;
			children = (
				0AD31F1F242756AA00ECDCE1 /* Base */,
			);
			name = LaunchScreen.storyboard;
			sourceTree = "<group>";
		};
/* End PBXVariantGroup section */

/* Begin XCBuildConfiguration section */
		0AD31F38242756AA00ECDCE1 /* Debug */ = {
			isa = XCBuildConfiguration;
			buildSettings = {
				ALWAYS_SEARCH_USER_PATHS = NO;
				CLANG_ANALYZER_NONNULL = YES;
				CLANG_ANALYZER_NUMBER_OBJECT_CONVERSION = YES_AGGRESSIVE;
				CLANG_CXX_LANGUAGE_STANDARD = "gnu++14";
				CLANG_CXX_LIBRARY = "libc++";
				CLANG_ENABLE_MODULES = YES;
				CLANG_ENABLE_OBJC_ARC = YES;
				CLANG_ENABLE_OBJC_WEAK = YES;
				CLANG_WARN_BLOCK_CAPTURE_AUTORELEASING = YES;
				CLANG_WARN_BOOL_CONVERSION = YES;
				CLANG_WARN_COMMA = YES;
				CLANG_WARN_CONSTANT_CONVERSION = YES;
				CLANG_WARN_DEPRECATED_OBJC_IMPLEMENTATIONS = YES;
				CLANG_WARN_DIRECT_OBJC_ISA_USAGE = YES_ERROR;
				CLANG_WARN_DOCUMENTATION_COMMENTS = YES;
				CLANG_WARN_EMPTY_BODY = YES;
				CLANG_WARN_ENUM_CONVERSION = YES;
				CLANG_WARN_INFINITE_RECURSION = YES;
				CLANG_WARN_INT_CONVERSION = YES;
				CLANG_WARN_NON_LITERAL_NULL_CONVERSION = YES;
				CLANG_WARN_OBJC_IMPLICIT_RETAIN_SELF = YES;
				CLANG_WARN_OBJC_LITERAL_CONVERSION = YES;
				CLANG_WARN_OBJC_ROOT_CLASS = YES_ERROR;
				CLANG_WARN_RANGE_LOOP_ANALYSIS = YES;
				CLANG_WARN_STRICT_PROTOTYPES = YES;
				CLANG_WARN_SUSPICIOUS_MOVE = YES;
				CLANG_WARN_UNGUARDED_AVAILABILITY = YES_AGGRESSIVE;
				CLANG_WARN_UNREACHABLE_CODE = YES;
				CLANG_WARN__DUPLICATE_METHOD_MATCH = YES;
				COPY_PHASE_STRIP = NO;
				DEBUG_INFORMATION_FORMAT = dwarf;
				ENABLE_STRICT_OBJC_MSGSEND = YES;
				ENABLE_TESTABILITY = YES;
				GCC_C_LANGUAGE_STANDARD = gnu11;
				GCC_DYNAMIC_NO_PIC = NO;
				GCC_NO_COMMON_BLOCKS = YES;
				GCC_OPTIMIZATION_LEVEL = 0;
				GCC_PREPROCESSOR_DEFINITIONS = (
					"DEBUG=1",
					"$(inherited)",
				);
				GCC_WARN_64_TO_32_BIT_CONVERSION = YES;
				GCC_WARN_ABOUT_RETURN_TYPE = YES_ERROR;
				GCC_WARN_UNDECLARED_SELECTOR = YES;
				GCC_WARN_UNINITIALIZED_AUTOS = YES_AGGRESSIVE;
				GCC_WARN_UNUSED_FUNCTION = YES;
				GCC_WARN_UNUSED_VARIABLE = YES;
				IPHONEOS_DEPLOYMENT_TARGET = 13.2;
				MTL_ENABLE_DEBUG_INFO = INCLUDE_SOURCE;
				MTL_FAST_MATH = YES;
				ONLY_ACTIVE_ARCH = YES;
				SDKROOT = iphoneos;
				SWIFT_ACTIVE_COMPILATION_CONDITIONS = DEBUG;
				SWIFT_OPTIMIZATION_LEVEL = "-Onone";
			};
			name = Debug;
		};
		0AD31F39242756AA00ECDCE1 /* Release */ = {
			isa = XCBuildConfiguration;
			buildSettings = {
				ALWAYS_SEARCH_USER_PATHS = NO;
				CLANG_ANALYZER_NONNULL = YES;
				CLANG_ANALYZER_NUMBER_OBJECT_CONVERSION = YES_AGGRESSIVE;
				CLANG_CXX_LANGUAGE_STANDARD = "gnu++14";
				CLANG_CXX_LIBRARY = "libc++";
				CLANG_ENABLE_MODULES = YES;
				CLANG_ENABLE_OBJC_ARC = YES;
				CLANG_ENABLE_OBJC_WEAK = YES;
				CLANG_WARN_BLOCK_CAPTURE_AUTORELEASING = YES;
				CLANG_WARN_BOOL_CONVERSION = YES;
				CLANG_WARN_COMMA = YES;
				CLANG_WARN_CONSTANT_CONVERSION = YES;
				CLANG_WARN_DEPRECATED_OBJC_IMPLEMENTATIONS = YES;
				CLANG_WARN_DIRECT_OBJC_ISA_USAGE = YES_ERROR;
				CLANG_WARN_DOCUMENTATION_COMMENTS = YES;
				CLANG_WARN_EMPTY_BODY = YES;
				CLANG_WARN_ENUM_CONVERSION = YES;
				CLANG_WARN_INFINITE_RECURSION = YES;
				CLANG_WARN_INT_CONVERSION = YES;
				CLANG_WARN_NON_LITERAL_NULL_CONVERSION = YES;
				CLANG_WARN_OBJC_IMPLICIT_RETAIN_SELF = YES;
				CLANG_WARN_OBJC_LITERAL_CONVERSION = YES;
				CLANG_WARN_OBJC_ROOT_CLASS = YES_ERROR;
				CLANG_WARN_RANGE_LOOP_ANALYSIS = YES;
				CLANG_WARN_STRICT_PROTOTYPES = YES;
				CLANG_WARN_SUSPICIOUS_MOVE = YES;
				CLANG_WARN_UNGUARDED_AVAILABILITY = YES_AGGRESSIVE;
				CLANG_WARN_UNREACHABLE_CODE = YES;
				CLANG_WARN__DUPLICATE_METHOD_MATCH = YES;
				COPY_PHASE_STRIP = NO;
				DEBUG_INFORMATION_FORMAT = "dwarf-with-dsym";
				ENABLE_NS_ASSERTIONS = NO;
				ENABLE_STRICT_OBJC_MSGSEND = YES;
				GCC_C_LANGUAGE_STANDARD = gnu11;
				GCC_NO_COMMON_BLOCKS = YES;
				GCC_WARN_64_TO_32_BIT_CONVERSION = YES;
				GCC_WARN_ABOUT_RETURN_TYPE = YES_ERROR;
				GCC_WARN_UNDECLARED_SELECTOR = YES;
				GCC_WARN_UNINITIALIZED_AUTOS = YES_AGGRESSIVE;
				GCC_WARN_UNUSED_FUNCTION = YES;
				GCC_WARN_UNUSED_VARIABLE = YES;
				IPHONEOS_DEPLOYMENT_TARGET = 13.2;
				MTL_ENABLE_DEBUG_INFO = NO;
				MTL_FAST_MATH = YES;
				SDKROOT = iphoneos;
				SWIFT_COMPILATION_MODE = wholemodule;
				SWIFT_OPTIMIZATION_LEVEL = "-O";
				VALIDATE_PRODUCT = YES;
			};
			name = Release;
		};
		0AD31F3B242756AA00ECDCE1 /* Debug */ = {
			isa = XCBuildConfiguration;
			buildSettings = {
				ASSETCATALOG_COMPILER_APPICON_NAME = AppIcon;
				CODE_SIGN_STYLE = Automatic;
				DEVELOPMENT_ASSET_PATHS = "\"Beautiful Places/Preview Content\"";
				DEVELOPMENT_TEAM = G7HN3NWUM9;
				ENABLE_PREVIEWS = YES;
				INFOPLIST_FILE = "Beautiful Places/Info.plist";
				LD_RUNPATH_SEARCH_PATHS = (
					"$(inherited)",
					"@executable_path/Frameworks",
				);
				PRODUCT_BUNDLE_IDENTIFIER = "com.mobilestory.Beautiful-Places";
				PRODUCT_NAME = "$(TARGET_NAME)";
				SWIFT_VERSION = 5.0;
				TARGETED_DEVICE_FAMILY = "1,2";
			};
			name = Debug;
		};
		0AD31F3C242756AA00ECDCE1 /* Release */ = {
			isa = XCBuildConfiguration;
			buildSettings = {
				ASSETCATALOG_COMPILER_APPICON_NAME = AppIcon;
				CODE_SIGN_STYLE = Automatic;
				DEVELOPMENT_ASSET_PATHS = "\"Beautiful Places/Preview Content\"";
				DEVELOPMENT_TEAM = G7HN3NWUM9;
				ENABLE_PREVIEWS = YES;
				INFOPLIST_FILE = "Beautiful Places/Info.plist";
				LD_RUNPATH_SEARCH_PATHS = (
					"$(inherited)",
					"@executable_path/Frameworks",
				);
				PRODUCT_BUNDLE_IDENTIFIER = "com.mobilestory.Beautiful-Places";
				PRODUCT_NAME = "$(TARGET_NAME)";
				SWIFT_VERSION = 5.0;
				TARGETED_DEVICE_FAMILY = "1,2";
			};
			name = Release;
		};
		0AD31F3E242756AA00ECDCE1 /* Debug */ = {
			isa = XCBuildConfiguration;
			buildSettings = {
				ALWAYS_EMBED_SWIFT_STANDARD_LIBRARIES = YES;
				BUNDLE_LOADER = "$(TEST_HOST)";
				CODE_SIGN_STYLE = Automatic;
				DEVELOPMENT_TEAM = G7HN3NWUM9;
				INFOPLIST_FILE = "Beautiful PlacesTests/Info.plist";
				IPHONEOS_DEPLOYMENT_TARGET = 13.2;
				LD_RUNPATH_SEARCH_PATHS = (
					"$(inherited)",
					"@executable_path/Frameworks",
					"@loader_path/Frameworks",
				);
				PRODUCT_BUNDLE_IDENTIFIER = "tv.learnToProgram.sample.Beautiful-PlacesTests";
				PRODUCT_NAME = "$(TARGET_NAME)";
				SWIFT_VERSION = 5.0;
				TARGETED_DEVICE_FAMILY = "1,2";
				TEST_HOST = "$(BUILT_PRODUCTS_DIR)/Beautiful Places.app/Beautiful Places";
			};
			name = Debug;
		};
		0AD31F3F242756AA00ECDCE1 /* Release */ = {
			isa = XCBuildConfiguration;
			buildSettings = {
				ALWAYS_EMBED_SWIFT_STANDARD_LIBRARIES = YES;
				BUNDLE_LOADER = "$(TEST_HOST)";
				CODE_SIGN_STYLE = Automatic;
				DEVELOPMENT_TEAM = G7HN3NWUM9;
				INFOPLIST_FILE = "Beautiful PlacesTests/Info.plist";
				IPHONEOS_DEPLOYMENT_TARGET = 13.2;
				LD_RUNPATH_SEARCH_PATHS = (
					"$(inherited)",
					"@executable_path/Frameworks",
					"@loader_path/Frameworks",
				);
				PRODUCT_BUNDLE_IDENTIFIER = "tv.learnToProgram.sample.Beautiful-PlacesTests";
				PRODUCT_NAME = "$(TARGET_NAME)";
				SWIFT_VERSION = 5.0;
				TARGETED_DEVICE_FAMILY = "1,2";
				TEST_HOST = "$(BUILT_PRODUCTS_DIR)/Beautiful Places.app/Beautiful Places";
			};
			name = Release;
		};
		0AD31F41242756AA00ECDCE1 /* Debug */ = {
			isa = XCBuildConfiguration;
			buildSettings = {
				ALWAYS_EMBED_SWIFT_STANDARD_LIBRARIES = YES;
				CODE_SIGN_STYLE = Automatic;
				DEVELOPMENT_TEAM = G7HN3NWUM9;
				INFOPLIST_FILE = "Beautiful PlacesUITests/Info.plist";
				LD_RUNPATH_SEARCH_PATHS = (
					"$(inherited)",
					"@executable_path/Frameworks",
					"@loader_path/Frameworks",
				);
				PRODUCT_BUNDLE_IDENTIFIER = "tv.learnToProgram.sample.Beautiful-PlacesUITests";
				PRODUCT_NAME = "$(TARGET_NAME)";
				SWIFT_VERSION = 5.0;
				TARGETED_DEVICE_FAMILY = "1,2";
				TEST_TARGET_NAME = "Beautiful Places";
			};
			name = Debug;
		};
		0AD31F42242756AA00ECDCE1 /* Release */ = {
			isa = XCBuildConfiguration;
			buildSettings = {
				ALWAYS_EMBED_SWIFT_STANDARD_LIBRARIES = YES;
				CODE_SIGN_STYLE = Automatic;
				DEVELOPMENT_TEAM = G7HN3NWUM9;
				INFOPLIST_FILE = "Beautiful PlacesUITests/Info.plist";
				LD_RUNPATH_SEARCH_PATHS = (
					"$(inherited)",
					"@executable_path/Frameworks",
					"@loader_path/Frameworks",
				);
				PRODUCT_BUNDLE_IDENTIFIER = "tv.learnToProgram.sample.Beautiful-PlacesUITests";
				PRODUCT_NAME = "$(TARGET_NAME)";
				SWIFT_VERSION = 5.0;
				TARGETED_DEVICE_FAMILY = "1,2";
				TEST_TARGET_NAME = "Beautiful Places";
			};
			name = Release;
		};
/* End XCBuildConfiguration section */

/* Begin XCConfigurationList section */
		0AD31F0B242756A900ECDCE1 /* Build configuration list for PBXProject "Beautiful Places" */ = {
			isa = XCConfigurationList;
			buildConfigurations = (
				0AD31F38242756AA00ECDCE1 /* Debug */,
				0AD31F39242756AA00ECDCE1 /* Release */,
			);
			defaultConfigurationIsVisible = 0;
			defaultConfigurationName = Release;
		};
		0AD31F3A242756AA00ECDCE1 /* Build configuration list for PBXNativeTarget "Beautiful Places" */ = {
			isa = XCConfigurationList;
			buildConfigurations = (
				0AD31F3B242756AA00ECDCE1 /* Debug */,
				0AD31F3C242756AA00ECDCE1 /* Release */,
			);
			defaultConfigurationIsVisible = 0;
			defaultConfigurationName = Release;
		};
		0AD31F3D242756AA00ECDCE1 /* Build configuration list for PBXNativeTarget "Beautiful PlacesTests" */ = {
			isa = XCConfigurationList;
			buildConfigurations = (
				0AD31F3E242756AA00ECDCE1 /* Debug */,
				0AD31F3F242756AA00ECDCE1 /* Release */,
			);
			defaultConfigurationIsVisible = 0;
			defaultConfigurationName = Release;
		};
		0AD31F40242756AA00ECDCE1 /* Build configuration list for PBXNativeTarget "Beautiful PlacesUITests" */ = {
			isa = XCConfigurationList;
			buildConfigurations = (
				0AD31F41242756AA00ECDCE1 /* Debug */,
				0AD31F42242756AA00ECDCE1 /* Release */,
			);
			defaultConfigurationIsVisible = 0;
			defaultConfigurationName = Release;
		};
/* End XCConfigurationList section */
	};
	rootObject = 0AD31F08242756A900ECDCE1 /* Project object */;
}
